// !$*UTF8*$!
{
	archiveVersion = 1;
	classes = {
	};
	objectVersion = 48;
	objects = {

/* Begin PBXBuildFile section */
		14232968208841C40045B6D7 /* ViewController.m in Sources */ = {isa = PBXBuildFile; fileRef = 14232965208841C30045B6D7 /* ViewController.m */; };
		14232969208841C40045B6D7 /* Main.storyboard in Resources */ = {isa = PBXBuildFile; fileRef = 14232967208841C40045B6D7 /* Main.storyboard */; };
		1423296B208841D70045B6D7 /* LaunchScreen.storyboard in Resources */ = {isa = PBXBuildFile; fileRef = 1423296A208841D70045B6D7 /* LaunchScreen.storyboard */; };
		14232976208842640045B6D7 /* SCScripView.m in Sources */ = {isa = PBXBuildFile; fileRef = 14232971208842640045B6D7 /* SCScripView.m */; };
		14232977208842640045B6D7 /* SCTextView.m in Sources */ = {isa = PBXBuildFile; fileRef = 14232973208842640045B6D7 /* SCTextView.m */; };
		14232978208842640045B6D7 /* UIView+UIViewScrip.m in Sources */ = {isa = PBXBuildFile; fileRef = 14232975208842640045B6D7 /* UIView+UIViewScrip.m */; };
		14ABB34E2088416A00A624B5 /* AppDelegate.m in Sources */ = {isa = PBXBuildFile; fileRef = 14ABB34D2088416A00A624B5 /* AppDelegate.m */; };
		14ABB3562088416A00A624B5 /* Assets.xcassets in Resources */ = {isa = PBXBuildFile; fileRef = 14ABB3552088416A00A624B5 /* Assets.xcassets */; };
		14ABB35C2088416A00A624B5 /* main.m in Sources */ = {isa = PBXBuildFile; fileRef = 14ABB35B2088416A00A624B5 /* main.m */; };
/* End PBXBuildFile section */

/* Begin PBXFileReference section */
		14232965208841C30045B6D7 /* ViewController.m */ = {isa = PBXFileReference; fileEncoding = 4; lastKnownFileType = sourcecode.c.objc; path = ViewController.m; sourceTree = "<group>"; };
		14232966208841C30045B6D7 /* ViewController.h */ = {isa = PBXFileReference; fileEncoding = 4; lastKnownFileType = sourcecode.c.h; path = ViewController.h; sourceTree = "<group>"; };
		14232967208841C40045B6D7 /* Main.storyboard */ = {isa = PBXFileReference; fileEncoding = 4; lastKnownFileType = file.storyboard; path = Main.storyboard; sourceTree = "<group>"; };
		1423296A208841D70045B6D7 /* LaunchScreen.storyboard */ = {isa = PBXFileReference; fileEncoding = 4; lastKnownFileType = file.storyboard; path = LaunchScreen.storyboard; sourceTree = "<group>"; };
		14232970208842640045B6D7 /* SCScripView.h */ = {isa = PBXFileReference; fileEncoding = 4; lastKnownFileType = sourcecode.c.h; path = SCScripView.h; sourceTree = "<group>"; };
		14232971208842640045B6D7 /* SCScripView.m */ = {isa = PBXFileReference; fileEncoding = 4; lastKnownFileType = sourcecode.c.objc; path = SCScripView.m; sourceTree = "<group>"; };
		14232972208842640045B6D7 /* SCTextView.h */ = {isa = PBXFileReference; fileEncoding = 4; lastKnownFileType = sourcecode.c.h; path = SCTextView.h; sourceTree = "<group>"; };
		14232973208842640045B6D7 /* SCTextView.m */ = {isa = PBXFileReference; fileEncoding = 4; lastKnownFileType = sourcecode.c.objc; path = SCTextView.m; sourceTree = "<group>"; };
		14232974208842640045B6D7 /* UIView+UIViewScrip.h */ = {isa = PBXFileReference; fileEncoding = 4; lastKnownFileType = sourcecode.c.h; path = "UIView+UIViewScrip.h"; sourceTree = "<group>"; };
		14232975208842640045B6D7 /* UIView+UIViewScrip.m */ = {isa = PBXFileReference; fileEncoding = 4; lastKnownFileType = sourcecode.c.objc; path = "UIView+UIViewScrip.m"; sourceTree = "<group>"; };
		14ABB3492088416A00A624B5 /* Scrip.app */ = {isa = PBXFileReference; explicitFileType = wrapper.application; includeInIndex = 0; path = Scrip.app; sourceTree = BUILT_PRODUCTS_DIR; };
		14ABB34C2088416A00A624B5 /* AppDelegate.h */ = {isa = PBXFileReference; lastKnownFileType = sourcecode.c.h; path = AppDelegate.h; sourceTree = "<group>"; };
		14ABB34D2088416A00A624B5 /* AppDelegate.m */ = {isa = PBXFileReference; lastKnownFileType = sourcecode.c.objc; path = AppDelegate.m; sourceTree = "<group>"; };
		14ABB3552088416A00A624B5 /* Assets.xcassets */ = {isa = PBXFileReference; lastKnownFileType = folder.assetcatalog; path = Assets.xcassets; sourceTree = "<group>"; };
		14ABB35A2088416A00A624B5 /* Info.plist */ = {isa = PBXFileReference; lastKnownFileType = text.plist.xml; path = Info.plist; sourceTree = "<group>"; };
		14ABB35B2088416A00A624B5 /* main.m */ = {isa = PBXFileReference; lastKnownFileType = sourcecode.c.objc; path = main.m; sourceTree = "<group>"; };
/* End PBXFileReference section */

/* Begin PBXFrameworksBuildPhase section */
		14ABB3462088416A00A624B5 /* Frameworks */ = {
			isa = PBXFrameworksBuildPhase;
			buildActionMask = 2147483647;
			files = (
			);
			runOnlyForDeploymentPostprocessing = 0;
		};
/* End PBXFrameworksBuildPhase section */

/* Begin PBXGroup section */
		1423296F208842640045B6D7 /* SCScrip */ = {
			isa = PBXGroup;
			children = (
				14232970208842640045B6D7 /* SCScripView.h */,
				14232971208842640045B6D7 /* SCScripView.m */,
				14232972208842640045B6D7 /* SCTextView.h */,
				14232973208842640045B6D7 /* SCTextView.m */,
				14232974208842640045B6D7 /* UIView+UIViewScrip.h */,
				14232975208842640045B6D7 /* UIView+UIViewScrip.m */,
			);
			path = SCScrip;
			sourceTree = "<group>";
		};
		14ABB3402088416A00A624B5 = {
			isa = PBXGroup;
			children = (
				14ABB34B2088416A00A624B5 /* Scrip */,
				14ABB34A2088416A00A624B5 /* Products */,
			);
			sourceTree = "<group>";
		};
		14ABB34A2088416A00A624B5 /* Products */ = {
			isa = PBXGroup;
			children = (
				14ABB3492088416A00A624B5 /* Scrip.app */,
			);
			name = Products;
			sourceTree = "<group>";
		};
		14ABB34B2088416A00A624B5 /* Scrip */ = {
			isa = PBXGroup;
			children = (
				1423296F208842640045B6D7 /* SCScrip */,
				14232966208841C30045B6D7 /* ViewController.h */,
				14232965208841C30045B6D7 /* ViewController.m */,
				14232967208841C40045B6D7 /* Main.storyboard */,
				14ABB34C2088416A00A624B5 /* AppDelegate.h */,
				14ABB34D2088416A00A624B5 /* AppDelegate.m */,
				14ABB3552088416A00A624B5 /* Assets.xcassets */,
				1423296A208841D70045B6D7 /* LaunchScreen.storyboard */,
				14ABB35A2088416A00A624B5 /* Info.plist */,
				14ABB35B2088416A00A624B5 /* main.m */,
			);
			path = Scrip;
			sourceTree = "<group>";
		};
/* End PBXGroup section */

/* Begin PBXNativeTarget section */
		14ABB3482088416A00A624B5 /* Scrip */ = {
			isa = PBXNativeTarget;
			buildConfigurationList = 14ABB35F2088416A00A624B5 /* Build configuration list for PBXNativeTarget "Scrip" */;
			buildPhases = (
				14ABB3452088416A00A624B5 /* Sources */,
				14ABB3462088416A00A624B5 /* Frameworks */,
				14ABB3472088416A00A624B5 /* Resources */,
			);
			buildRules = (
			);
			dependencies = (
			);
			name = Scrip;
			productName = Scrip;
			productReference = 14ABB3492088416A00A624B5 /* Scrip.app */;
			productType = "com.apple.product-type.application";
		};
/* End PBXNativeTarget section */

/* Begin PBXProject section */
		14ABB3412088416A00A624B5 /* Project object */ = {
			isa = PBXProject;
			attributes = {
				LastUpgradeCheck = 0920;
				ORGANIZATIONNAME = "成";
				TargetAttributes = {
					14ABB3482088416A00A624B5 = {
						CreatedOnToolsVersion = 9.2;
						ProvisioningStyle = Automatic;
					};
				};
			};
			buildConfigurationList = 14ABB3442088416A00A624B5 /* Build configuration list for PBXProject "Scrip" */;
			compatibilityVersion = "Xcode 8.0";
			developmentRegion = en;
			hasScannedForEncodings = 0;
			knownRegions = (
				en,
				Base,
			);
			mainGroup = 14ABB3402088416A00A624B5;
			productRefGroup = 14ABB34A2088416A00A624B5 /* Products */;
			projectDirPath = "";
			projectRoot = "";
			targets = (
				14ABB3482088416A00A624B5 /* Scrip */,
			);
		};
/* End PBXProject section */

/* Begin PBXResourcesBuildPhase section */
		14ABB3472088416A00A624B5 /* Resources */ = {
			isa = PBXResourcesBuildPhase;
			buildActionMask = 2147483647;
			files = (
				1423296B208841D70045B6D7 /* LaunchScreen.storyboard in Resources */,
				14232969208841C40045B6D7 /* Main.storyboard in Resources */,
				14ABB3562088416A00A624B5 /* Assets.xcassets in Resources */,
			);
			runOnlyForDeploymentPostprocessing = 0;
		};
/* End PBXResourcesBuildPhase section */

/* Begin PBXSourcesBuildPhase section */
		14ABB3452088416A00A624B5 /* Sources */ = {
			isa = PBXSourcesBuildPhase;
			buildActionMask = 2147483647;
			files = (
				14232977208842640045B6D7 /* SCTextView.m in Sources */,
				14ABB35C2088416A00A624B5 /* main.m in Sources */,
				14ABB34E2088416A00A624B5 /* AppDelegate.m in Sources */,
				14232978208842640045B6D7 /* UIView+UIViewScrip.m in Sources */,
				14232976208842640045B6D7 /* SCScripView.m in Sources */,
				14232968208841C40045B6D7 /* ViewController.m in Sources */,
			);
			runOnlyForDeploymentPostprocessing = 0;
		};
/* End PBXSourcesBuildPhase section */

/* Begin XCBuildConfiguration section */
		14ABB35D2088416A00A624B5 /* Debug */ = {
			isa = XCBuildConfiguration;
			buildSettings = {
				ALWAYS_SEARCH_USER_PATHS = NO;
				CLANG_ANALYZER_NONNULL = YES;
				CLANG_ANALYZER_NUMBER_OBJECT_CONVERSION = YES_AGGRESSIVE;
				CLANG_CXX_LANGUAGE_STANDARD = "gnu++14";
				CLANG_CXX_LIBRARY = "libc++";
				CLANG_ENABLE_MODULES = YES;
				CLANG_ENABLE_OBJC_ARC = YES;
				CLANG_WARN_BLOCK_CAPTURE_AUTORELEASING = YES;
				CLANG_WARN_BOOL_CONVERSION = YES;
				CLANG_WARN_COMMA = YES;
				CLANG_WARN_CONSTANT_CONVERSION = YES;
				CLANG_WARN_DIRECT_OBJC_ISA_USAGE = YES_ERROR;
				CLANG_WARN_DOCUMENTATION_COMMENTS = YES;
				CLANG_WARN_EMPTY_BODY = YES;
				CLANG_WARN_ENUM_CONVERSION = YES;
				CLANG_WARN_INFINITE_RECURSION = YES;
				CLANG_WARN_INT_CONVERSION = YES;
				CLANG_WARN_NON_LITERAL_NULL_CONVERSION = YES;
				CLANG_WARN_OBJC_LITERAL_CONVERSION = YES;
				CLANG_WARN_OBJC_ROOT_CLASS = YES_ERROR;
				CLANG_WARN_RANGE_LOOP_ANALYSIS = YES;
				CLANG_WARN_STRICT_PROTOTYPES = YES;
				CLANG_WARN_SUSPICIOUS_MOVE = YES;
				CLANG_WARN_UNGUARDED_AVAILABILITY = YES_AGGRESSIVE;
				CLANG_WARN_UNREACHABLE_CODE = YES;
				CLANG_WARN__DUPLICATE_METHOD_MATCH = YES;
				CODE_SIGN_IDENTITY = "iPhone Developer";
				COPY_PHASE_STRIP = NO;
				DEBUG_INFORMATION_FORMAT = dwarf;
				ENABLE_STRICT_OBJC_MSGSEND = YES;
				ENABLE_TESTABILITY = YES;
				GCC_C_LANGUAGE_STANDARD = gnu11;
				GCC_DYNAMIC_NO_PIC = NO;
				GCC_NO_COMMON_BLOCKS = YES;
				GCC_OPTIMIZATION_LEVEL = 0;
				GCC_PREPROCESSOR_DEFINITIONS = (
					"DEBUG=1",
					"$(inherited)",
				);
				GCC_WARN_64_TO_32_BIT_CONVERSION = YES;
				GCC_WARN_ABOUT_RETURN_TYPE = YES_ERROR;
				GCC_WARN_UNDECLARED_SELECTOR = YES;
				GCC_WARN_UNINITIALIZED_AUTOS = YES_AGGRESSIVE;
				GCC_WARN_UNUSED_FUNCTION = YES;
				GCC_WARN_UNUSED_VARIABLE = YES;
				IPHONEOS_DEPLOYMENT_TARGET = 8.0;
				MTL_ENABLE_DEBUG_INFO = YES;
				ONLY_ACTIVE_ARCH = YES;
				SDKROOT = iphoneos;
			};
			name = Debug;
		};
		14ABB35E2088416A00A624B5 /* Release */ = {
			isa = XCBuildConfiguration;
			buildSettings = {
				ALWAYS_SEARCH_USER_PATHS = NO;
				CLANG_ANALYZER_NONNULL = YES;
				CLANG_ANALYZER_NUMBER_OBJECT_CONVERSION = YES_AGGRESSIVE;
				CLANG_CXX_LANGUAGE_STANDARD = "gnu++14";
				CLANG_CXX_LIBRARY = "libc++";
				CLANG_ENABLE_MODULES = YES;
				CLANG_ENABLE_OBJC_ARC = YES;
				CLANG_WARN_BLOCK_CAPTURE_AUTORELEASING = YES;
				CLANG_WARN_BOOL_CONVERSION = YES;
				CLANG_WARN_COMMA = YES;
				CLANG_WARN_CONSTANT_CONVERSION = YES;
				CLANG_WARN_DIRECT_OBJC_ISA_USAGE = YES_ERROR;
				CLANG_WARN_DOCUMENTATION_COMMENTS = YES;
				CLANG_WARN_EMPTY_BODY = YES;
				CLANG_WARN_ENUM_CONVERSION = YES;
				CLANG_WARN_INFINITE_RECURSION = YES;
				CLANG_WARN_INT_CONVERSION = YES;
				CLANG_WARN_NON_LITERAL_NULL_CONVERSION = YES;
				CLANG_WARN_OBJC_LITERAL_CONVERSION = YES;
				CLANG_WARN_OBJC_ROOT_CLASS = YES_ERROR;
				CLANG_WARN_RANGE_LOOP_ANALYSIS = YES;
				CLANG_WARN_STRICT_PROTOTYPES = YES;
				CLANG_WARN_SUSPICIOUS_MOVE = YES;
				CLANG_WARN_UNGUARDED_AVAILABILITY = YES_AGGRESSIVE;
				CLANG_WARN_UNREACHABLE_CODE = YES;
				CLANG_WARN__DUPLICATE_METHOD_MATCH = YES;
				CODE_SIGN_IDENTITY = "iPhone Developer";
				COPY_PHASE_STRIP = NO;
				DEBUG_INFORMATION_FORMAT = "dwarf-with-dsym";
				ENABLE_NS_ASSERTIONS = NO;
				ENABLE_STRICT_OBJC_MSGSEND = YES;
				GCC_C_LANGUAGE_STANDARD = gnu11;
				GCC_NO_COMMON_BLOCKS = YES;
				GCC_WARN_64_TO_32_BIT_CONVERSION = YES;
				GCC_WARN_ABOUT_RETURN_TYPE = YES_ERROR;
				GCC_WARN_UNDECLARED_SELECTOR = YES;
				GCC_WARN_UNINITIALIZED_AUTOS = YES_AGGRESSIVE;
				GCC_WARN_UNUSED_FUNCTION = YES;
				GCC_WARN_UNUSED_VARIABLE = YES;
				IPHONEOS_DEPLOYMENT_TARGET = 8.0;
				MTL_ENABLE_DEBUG_INFO = NO;
				SDKROOT = iphoneos;
				VALIDATE_PRODUCT = YES;
			};
			name = Release;
		};
		14ABB3602088416A00A624B5 /* Debug */ = {
			isa = XCBuildConfiguration;
			buildSettings = {
				ASSETCATALOG_COMPILER_APPICON_NAME = AppIcon;
				CODE_SIGN_STYLE = Automatic;
				DEVELOPMENT_TEAM = 4GYQM99B2K;
				INFOPLIST_FILE = Scrip/Info.plist;
				IPHONEOS_DEPLOYMENT_TARGET = 9.0;
				LD_RUNPATH_SEARCH_PATHS = "$(inherited) @executable_path/Frameworks";
				PRODUCT_BUNDLE_IDENTIFIER = cppteam.ios.Scrip;
				PRODUCT_NAME = "$(TARGET_NAME)";
				TARGETED_DEVICE_FAMILY = "1,2";
			};
			name = Debug;
		};
		14ABB3612088416A00A624B5 /* Release */ = {
			isa = XCBuildConfiguration;
			buildSettings = {
				ASSETCATALOG_COMPILER_APPICON_NAME = AppIcon;
				CODE_SIGN_STYLE = Automatic;
				DEVELOPMENT_TEAM = 4GYQM99B2K;
				INFOPLIST_FILE = Scrip/Info.plist;
				IPHONEOS_DEPLOYMENT_TARGET = 9.0;
				LD_RUNPATH_SEARCH_PATHS = "$(inherited) @executable_path/Frameworks";
				PRODUCT_BUNDLE_IDENTIFIER = cppteam.ios.Scrip;
				PRODUCT_NAME = "$(TARGET_NAME)";
				TARGETED_DEVICE_FAMILY = "1,2";
			};
			name = Release;
		};
/* End XCBuildConfiguration section */

/* Begin XCConfigurationList section */
		14ABB3442088416A00A624B5 /* Build configuration list for PBXProject "Scrip" */ = {
			isa = XCConfigurationList;
			buildConfigurations = (
				14ABB35D2088416A00A624B5 /* Debug */,
				14ABB35E2088416A00A624B5 /* Release */,
			);
			defaultConfigurationIsVisible = 0;
			defaultConfigurationName = Release;
		};
		14ABB35F2088416A00A624B5 /* Build configuration list for PBXNativeTarget "Scrip" */ = {
			isa = XCConfigurationList;
			buildConfigurations = (
				14ABB3602088416A00A624B5 /* Debug */,
				14ABB3612088416A00A624B5 /* Release */,
			);
			defaultConfigurationIsVisible = 0;
			defaultConfigurationName = Release;
		};
/* End XCConfigurationList section */
	};
	rootObject = 14ABB3412088416A00A624B5 /* Project object */;
}
